// !$*UTF8*$!
{
	archiveVersion = 1;
	classes = {
	};
	objectVersion = 55;
	objects = {

/* Begin PBXBuildFile section */
		4657E3FF27818CDD001BC663 /* PhotoDetailsViewController.swift in Sources */ = {isa = PBXBuildFile; fileRef = 4657E3FE27818CDD001BC663 /* PhotoDetailsViewController.swift */; };
		4657E40127818D0E001BC663 /* PhotoDetailsBuilder.swift in Sources */ = {isa = PBXBuildFile; fileRef = 4657E40027818D0E001BC663 /* PhotoDetailsBuilder.swift */; };
		4657E40327818D26001BC663 /* PhotoDetailsPresenter.swift in Sources */ = {isa = PBXBuildFile; fileRef = 4657E40227818D26001BC663 /* PhotoDetailsPresenter.swift */; };
		4657E4052781CB59001BC663 /* PhotosListRouter.swift in Sources */ = {isa = PBXBuildFile; fileRef = 4657E4042781CB59001BC663 /* PhotosListRouter.swift */; };
		4657E4072781D50A001BC663 /* UIImage+dominantColor.swift in Sources */ = {isa = PBXBuildFile; fileRef = 4657E4062781D50A001BC663 /* UIImage+dominantColor.swift */; };
		4657E40C278237BB001BC663 /* data.json in Resources */ = {isa = PBXBuildFile; fileRef = 4657E40B278237BB001BC663 /* data.json */; };
		4657E40E2782386F001BC663 /* DataLoader.swift in Sources */ = {isa = PBXBuildFile; fileRef = 4657E40D2782386F001BC663 /* DataLoader.swift */; };
		4657E4112782391B001BC663 /* NetworkMock.swift in Sources */ = {isa = PBXBuildFile; fileRef = 4657E4102782391B001BC663 /* NetworkMock.swift */; };
		4657E41527823978001BC663 /* PhotoListRepositoryTest.swift in Sources */ = {isa = PBXBuildFile; fileRef = 4657E41427823978001BC663 /* PhotoListRepositoryTest.swift */; };
		4657E41727823F9A001BC663 /* NetworkTests.swift in Sources */ = {isa = PBXBuildFile; fileRef = 4657E41627823F9A001BC663 /* NetworkTests.swift */; };
		4657E41927824117001BC663 /* WebPhotosRepositoryTests.swift in Sources */ = {isa = PBXBuildFile; fileRef = 4657E41827824117001BC663 /* WebPhotosRepositoryTests.swift */; };
		4657E41B278241C8001BC663 /* noData.json in Resources */ = {isa = PBXBuildFile; fileRef = 4657E41A278241C8001BC663 /* noData.json */; };
		4657E41D27824294001BC663 /* UserDefaultPhotosRepositoryTests.swift in Sources */ = {isa = PBXBuildFile; fileRef = 4657E41C27824294001BC663 /* UserDefaultPhotosRepositoryTests.swift */; };
		4657E41F278244B8001BC663 /* PhotosListPresenterTests.swift in Sources */ = {isa = PBXBuildFile; fileRef = 4657E41E278244B8001BC663 /* PhotosListPresenterTests.swift */; };
		4657E421278244EB001BC663 /* MockReachability.swift in Sources */ = {isa = PBXBuildFile; fileRef = 4657E420278244EB001BC663 /* MockReachability.swift */; };
		4657E423278247BA001BC663 /* PhotosListViewControllerTests.swift in Sources */ = {isa = PBXBuildFile; fileRef = 4657E422278247BA001BC663 /* PhotosListViewControllerTests.swift */; };
		46D240BB277DF1B000EDDE1A /* AppDelegate.swift in Sources */ = {isa = PBXBuildFile; fileRef = 46D240BA277DF1B000EDDE1A /* AppDelegate.swift */; };
		46D240BD277DF1B000EDDE1A /* SceneDelegate.swift in Sources */ = {isa = PBXBuildFile; fileRef = 46D240BC277DF1B000EDDE1A /* SceneDelegate.swift */; };
		46D240C4277DF1B200EDDE1A /* Assets.xcassets in Resources */ = {isa = PBXBuildFile; fileRef = 46D240C3277DF1B200EDDE1A /* Assets.xcassets */; };
		46D240C7277DF1B200EDDE1A /* LaunchScreen.storyboard in Resources */ = {isa = PBXBuildFile; fileRef = 46D240C5277DF1B200EDDE1A /* LaunchScreen.storyboard */; };
		46D240D2277DF1B200EDDE1A /* PicsumTests.swift in Sources */ = {isa = PBXBuildFile; fileRef = 46D240D1277DF1B200EDDE1A /* PicsumTests.swift */; };
		46D240DC277DF1B200EDDE1A /* PicsumUITests.swift in Sources */ = {isa = PBXBuildFile; fileRef = 46D240DB277DF1B200EDDE1A /* PicsumUITests.swift */; };
		46D240DE277DF1B200EDDE1A /* PicsumUITestsLaunchTests.swift in Sources */ = {isa = PBXBuildFile; fileRef = 46D240DD277DF1B200EDDE1A /* PicsumUITestsLaunchTests.swift */; };
		46F2508F277EDF0D0099CDB6 /* UIView+Loading.swift in Sources */ = {isa = PBXBuildFile; fileRef = 46F2508E277EDF0D0099CDB6 /* UIView+Loading.swift */; };
		46F25091277EDFF90099CDB6 /* Reachability.swift in Sources */ = {isa = PBXBuildFile; fileRef = 46F25090277EDFF90099CDB6 /* Reachability.swift */; };
		46F25093277EE08D0099CDB6 /* NotificationName.swift in Sources */ = {isa = PBXBuildFile; fileRef = 46F25092277EE08D0099CDB6 /* NotificationName.swift */; };
		46F25095277EE1170099CDB6 /* EmptyPlaceHolderView.swift in Sources */ = {isa = PBXBuildFile; fileRef = 46F25094277EE1170099CDB6 /* EmptyPlaceHolderView.swift */; };
		46F25097277EE1400099CDB6 /* UICollectionView+EmptyState.swift in Sources */ = {isa = PBXBuildFile; fileRef = 46F25096277EE1400099CDB6 /* UICollectionView+EmptyState.swift */; };
		46F25099277EE1600099CDB6 /* UIImageView+DownloadImage.swift in Sources */ = {isa = PBXBuildFile; fileRef = 46F25098277EE1600099CDB6 /* UIImageView+DownloadImage.swift */; };
		46F2509F277FA3080099CDB6 /* BasePresenterIO.swift in Sources */ = {isa = PBXBuildFile; fileRef = 46F2509E277FA3080099CDB6 /* BasePresenterIO.swift */; };
		46F250A1277FA3560099CDB6 /* PicsumError.swift in Sources */ = {isa = PBXBuildFile; fileRef = 46F250A0277FA3560099CDB6 /* PicsumError.swift */; };
		46F250A3277FB8040099CDB6 /* UIViewController+Toast.swift in Sources */ = {isa = PBXBuildFile; fileRef = 46F250A2277FB8040099CDB6 /* UIViewController+Toast.swift */; };
		46F250A5277FBCDD0099CDB6 /* UIColor.swift in Sources */ = {isa = PBXBuildFile; fileRef = 46F250A4277FBCDD0099CDB6 /* UIColor.swift */; };
		46F250A7277FC2E00099CDB6 /* APILinksFactory.swift in Sources */ = {isa = PBXBuildFile; fileRef = 46F250A6277FC2E00099CDB6 /* APILinksFactory.swift */; };
		46F250A9277FC4270099CDB6 /* APIClient.swift in Sources */ = {isa = PBXBuildFile; fileRef = 46F250A8277FC4270099CDB6 /* APIClient.swift */; };
		46F250AC277FC4DA0099CDB6 /* PhotosRepository.swift in Sources */ = {isa = PBXBuildFile; fileRef = 46F250AB277FC4DA0099CDB6 /* PhotosRepository.swift */; };
		46F250AE277FC5370099CDB6 /* PicsumPhoto.swift in Sources */ = {isa = PBXBuildFile; fileRef = 46F250AD277FC5370099CDB6 /* PicsumPhoto.swift */; };
		46F250B0277FE6CE0099CDB6 /* WebPhotosRepository.swift in Sources */ = {isa = PBXBuildFile; fileRef = 46F250AF277FE6CE0099CDB6 /* WebPhotosRepository.swift */; };
		46F250B3277FE7D00099CDB6 /* PhotosListBuilder.swift in Sources */ = {isa = PBXBuildFile; fileRef = 46F250B2277FE7D00099CDB6 /* PhotosListBuilder.swift */; };
		46F250B5277FE7DF0099CDB6 /* PhotosListPresenter.swift in Sources */ = {isa = PBXBuildFile; fileRef = 46F250B4277FE7DF0099CDB6 /* PhotosListPresenter.swift */; };
		46F250B7277FE7EE0099CDB6 /* PhotosListViewController.swift in Sources */ = {isa = PBXBuildFile; fileRef = 46F250B6277FE7EE0099CDB6 /* PhotosListViewController.swift */; };
		46F250BB277FED1C0099CDB6 /* ItemCollectionViewCellType.swift in Sources */ = {isa = PBXBuildFile; fileRef = 46F250BA277FED1C0099CDB6 /* ItemCollectionViewCellType.swift */; };
		46F250BD277FED380099CDB6 /* PhotosCollectionViewDataSource.swift in Sources */ = {isa = PBXBuildFile; fileRef = 46F250BC277FED380099CDB6 /* PhotosCollectionViewDataSource.swift */; };
		46F250BF277FED5C0099CDB6 /* PhotoCollectionCell.swift in Sources */ = {isa = PBXBuildFile; fileRef = 46F250BE277FED5C0099CDB6 /* PhotoCollectionCell.swift */; };
		46F250C1277FED7E0099CDB6 /* CellReusable.swift in Sources */ = {isa = PBXBuildFile; fileRef = 46F250C0277FED7E0099CDB6 /* CellReusable.swift */; };
		46F250C3277FEDA10099CDB6 /* UICollectionView+ReusableCell.swift in Sources */ = {isa = PBXBuildFile; fileRef = 46F250C2277FEDA10099CDB6 /* UICollectionView+ReusableCell.swift */; };
		46F250C5277FF0A00099CDB6 /* AdPlaceHolderCollectionCell.swift in Sources */ = {isa = PBXBuildFile; fileRef = 46F250C4277FF0A00099CDB6 /* AdPlaceHolderCollectionCell.swift */; };
		46F250C7277FF2650099CDB6 /* UserDefaultPhotosRepository.swift in Sources */ = {isa = PBXBuildFile; fileRef = 46F250C6277FF2650099CDB6 /* UserDefaultPhotosRepository.swift */; };
		46F250C9277FF3EB0099CDB6 /* Constant.swift in Sources */ = {isa = PBXBuildFile; fileRef = 46F250C8277FF3EB0099CDB6 /* Constant.swift */; };
		46F250CB277FF4540099CDB6 /* EntryPoint.swift in Sources */ = {isa = PBXBuildFile; fileRef = 46F250CA277FF4540099CDB6 /* EntryPoint.swift */; };
		60AA4C52313C111AE799F905 /* Pods_PicsumTests.framework in Frameworks */ = {isa = PBXBuildFile; fileRef = 458B66937E6611AA9F1491C9 /* Pods_PicsumTests.framework */; };
		970B100F206EDF2077CF7138 /* Pods_Picsum.framework in Frameworks */ = {isa = PBXBuildFile; fileRef = C1F3C0650EB887088CC8CA46 /* Pods_Picsum.framework */; };
		D66430E4F9B839834916C688 /* Pods_Picsum_PicsumUITests.framework in Frameworks */ = {isa = PBXBuildFile; fileRef = 24D3AB19E6F7A2B290337A39 /* Pods_Picsum_PicsumUITests.framework */; };
/* End PBXBuildFile section */

/* Begin PBXContainerItemProxy section */
		46D240CE277DF1B200EDDE1A /* PBXContainerItemProxy */ = {
			isa = PBXContainerItemProxy;
			containerPortal = 46D240AF277DF1B000EDDE1A /* Project object */;
			proxyType = 1;
			remoteGlobalIDString = 46D240B6277DF1B000EDDE1A;
			remoteInfo = Picsum;
		};
		46D240D8277DF1B200EDDE1A /* PBXContainerItemProxy */ = {
			isa = PBXContainerItemProxy;
			containerPortal = 46D240AF277DF1B000EDDE1A /* Project object */;
			proxyType = 1;
			remoteGlobalIDString = 46D240B6277DF1B000EDDE1A;
			remoteInfo = Picsum;
		};
/* End PBXContainerItemProxy section */

/* Begin PBXFileReference section */
		1BEC519A565A77C37F36B2AD /* Pods-Picsum-PicsumUITests.debug.xcconfig */ = {isa = PBXFileReference; includeInIndex = 1; lastKnownFileType = text.xcconfig; name = "Pods-Picsum-PicsumUITests.debug.xcconfig"; path = "Target Support Files/Pods-Picsum-PicsumUITests/Pods-Picsum-PicsumUITests.debug.xcconfig"; sourceTree = "<group>"; };
		21FCBD303AD740EBDFECB233 /* Pods-PicsumTests.debug.xcconfig */ = {isa = PBXFileReference; includeInIndex = 1; lastKnownFileType = text.xcconfig; name = "Pods-PicsumTests.debug.xcconfig"; path = "Target Support Files/Pods-PicsumTests/Pods-PicsumTests.debug.xcconfig"; sourceTree = "<group>"; };
		24D3AB19E6F7A2B290337A39 /* Pods_Picsum_PicsumUITests.framework */ = {isa = PBXFileReference; explicitFileType = wrapper.framework; includeInIndex = 0; path = Pods_Picsum_PicsumUITests.framework; sourceTree = BUILT_PRODUCTS_DIR; };
		458B66937E6611AA9F1491C9 /* Pods_PicsumTests.framework */ = {isa = PBXFileReference; explicitFileType = wrapper.framework; includeInIndex = 0; path = Pods_PicsumTests.framework; sourceTree = BUILT_PRODUCTS_DIR; };
		4657E3FE27818CDD001BC663 /* PhotoDetailsViewController.swift */ = {isa = PBXFileReference; lastKnownFileType = sourcecode.swift; path = PhotoDetailsViewController.swift; sourceTree = "<group>"; };
		4657E40027818D0E001BC663 /* PhotoDetailsBuilder.swift */ = {isa = PBXFileReference; lastKnownFileType = sourcecode.swift; path = PhotoDetailsBuilder.swift; sourceTree = "<group>"; };
		4657E40227818D26001BC663 /* PhotoDetailsPresenter.swift */ = {isa = PBXFileReference; lastKnownFileType = sourcecode.swift; path = PhotoDetailsPresenter.swift; sourceTree = "<group>"; };
		4657E4042781CB59001BC663 /* PhotosListRouter.swift */ = {isa = PBXFileReference; lastKnownFileType = sourcecode.swift; path = PhotosListRouter.swift; sourceTree = "<group>"; };
		4657E4062781D50A001BC663 /* UIImage+dominantColor.swift */ = {isa = PBXFileReference; lastKnownFileType = sourcecode.swift; path = "UIImage+dominantColor.swift"; sourceTree = "<group>"; };
		4657E40B278237BB001BC663 /* data.json */ = {isa = PBXFileReference; lastKnownFileType = text.json; path = data.json; sourceTree = "<group>"; };
		4657E40D2782386F001BC663 /* DataLoader.swift */ = {isa = PBXFileReference; lastKnownFileType = sourcecode.swift; path = DataLoader.swift; sourceTree = "<group>"; };
		4657E4102782391B001BC663 /* NetworkMock.swift */ = {isa = PBXFileReference; lastKnownFileType = sourcecode.swift; path = NetworkMock.swift; sourceTree = "<group>"; };
		4657E41427823978001BC663 /* PhotoListRepositoryTest.swift */ = {isa = PBXFileReference; lastKnownFileType = sourcecode.swift; path = PhotoListRepositoryTest.swift; sourceTree = "<group>"; };
		4657E41627823F9A001BC663 /* NetworkTests.swift */ = {isa = PBXFileReference; lastKnownFileType = sourcecode.swift; path = NetworkTests.swift; sourceTree = "<group>"; };
		4657E41827824117001BC663 /* WebPhotosRepositoryTests.swift */ = {isa = PBXFileReference; lastKnownFileType = sourcecode.swift; path = WebPhotosRepositoryTests.swift; sourceTree = "<group>"; };
		4657E41A278241C8001BC663 /* noData.json */ = {isa = PBXFileReference; lastKnownFileType = text.json; path = noData.json; sourceTree = "<group>"; };
		4657E41C27824294001BC663 /* UserDefaultPhotosRepositoryTests.swift */ = {isa = PBXFileReference; lastKnownFileType = sourcecode.swift; path = UserDefaultPhotosRepositoryTests.swift; sourceTree = "<group>"; };
		4657E41E278244B8001BC663 /* PhotosListPresenterTests.swift */ = {isa = PBXFileReference; lastKnownFileType = sourcecode.swift; path = PhotosListPresenterTests.swift; sourceTree = "<group>"; };
		4657E420278244EB001BC663 /* MockReachability.swift */ = {isa = PBXFileReference; lastKnownFileType = sourcecode.swift; path = MockReachability.swift; sourceTree = "<group>"; };
		4657E422278247BA001BC663 /* PhotosListViewControllerTests.swift */ = {isa = PBXFileReference; lastKnownFileType = sourcecode.swift; path = PhotosListViewControllerTests.swift; sourceTree = "<group>"; };
		46D240B7277DF1B000EDDE1A /* Picsum.app */ = {isa = PBXFileReference; explicitFileType = wrapper.application; includeInIndex = 0; path = Picsum.app; sourceTree = BUILT_PRODUCTS_DIR; };
		46D240BA277DF1B000EDDE1A /* AppDelegate.swift */ = {isa = PBXFileReference; lastKnownFileType = sourcecode.swift; path = AppDelegate.swift; sourceTree = "<group>"; };
		46D240BC277DF1B000EDDE1A /* SceneDelegate.swift */ = {isa = PBXFileReference; lastKnownFileType = sourcecode.swift; path = SceneDelegate.swift; sourceTree = "<group>"; };
		46D240C3277DF1B200EDDE1A /* Assets.xcassets */ = {isa = PBXFileReference; lastKnownFileType = folder.assetcatalog; path = Assets.xcassets; sourceTree = "<group>"; };
		46D240C6277DF1B200EDDE1A /* Base */ = {isa = PBXFileReference; lastKnownFileType = file.storyboard; name = Base; path = Base.lproj/LaunchScreen.storyboard; sourceTree = "<group>"; };
		46D240C8277DF1B200EDDE1A /* Info.plist */ = {isa = PBXFileReference; lastKnownFileType = text.plist.xml; path = Info.plist; sourceTree = "<group>"; };
		46D240CD277DF1B200EDDE1A /* PicsumTests.xctest */ = {isa = PBXFileReference; explicitFileType = wrapper.cfbundle; includeInIndex = 0; path = PicsumTests.xctest; sourceTree = BUILT_PRODUCTS_DIR; };
		46D240D1277DF1B200EDDE1A /* PicsumTests.swift */ = {isa = PBXFileReference; lastKnownFileType = sourcecode.swift; path = PicsumTests.swift; sourceTree = "<group>"; };
		46D240D7277DF1B200EDDE1A /* PicsumUITests.xctest */ = {isa = PBXFileReference; explicitFileType = wrapper.cfbundle; includeInIndex = 0; path = PicsumUITests.xctest; sourceTree = BUILT_PRODUCTS_DIR; };
		46D240DB277DF1B200EDDE1A /* PicsumUITests.swift */ = {isa = PBXFileReference; lastKnownFileType = sourcecode.swift; path = PicsumUITests.swift; sourceTree = "<group>"; };
		46D240DD277DF1B200EDDE1A /* PicsumUITestsLaunchTests.swift */ = {isa = PBXFileReference; lastKnownFileType = sourcecode.swift; path = PicsumUITestsLaunchTests.swift; sourceTree = "<group>"; };
		46F2508E277EDF0D0099CDB6 /* UIView+Loading.swift */ = {isa = PBXFileReference; lastKnownFileType = sourcecode.swift; path = "UIView+Loading.swift"; sourceTree = "<group>"; };
		46F25090277EDFF90099CDB6 /* Reachability.swift */ = {isa = PBXFileReference; lastKnownFileType = sourcecode.swift; path = Reachability.swift; sourceTree = "<group>"; };
		46F25092277EE08D0099CDB6 /* NotificationName.swift */ = {isa = PBXFileReference; lastKnownFileType = sourcecode.swift; path = NotificationName.swift; sourceTree = "<group>"; };
		46F25094277EE1170099CDB6 /* EmptyPlaceHolderView.swift */ = {isa = PBXFileReference; lastKnownFileType = sourcecode.swift; path = EmptyPlaceHolderView.swift; sourceTree = "<group>"; };
		46F25096277EE1400099CDB6 /* UICollectionView+EmptyState.swift */ = {isa = PBXFileReference; lastKnownFileType = sourcecode.swift; path = "UICollectionView+EmptyState.swift"; sourceTree = "<group>"; };
		46F25098277EE1600099CDB6 /* UIImageView+DownloadImage.swift */ = {isa = PBXFileReference; lastKnownFileType = sourcecode.swift; path = "UIImageView+DownloadImage.swift"; sourceTree = "<group>"; };
		46F2509E277FA3080099CDB6 /* BasePresenterIO.swift */ = {isa = PBXFileReference; lastKnownFileType = sourcecode.swift; path = BasePresenterIO.swift; sourceTree = "<group>"; };
		46F250A0277FA3560099CDB6 /* PicsumError.swift */ = {isa = PBXFileReference; lastKnownFileType = sourcecode.swift; path = PicsumError.swift; sourceTree = "<group>"; };
		46F250A2277FB8040099CDB6 /* UIViewController+Toast.swift */ = {isa = PBXFileReference; lastKnownFileType = sourcecode.swift; path = "UIViewController+Toast.swift"; sourceTree = "<group>"; };
		46F250A4277FBCDD0099CDB6 /* UIColor.swift */ = {isa = PBXFileReference; lastKnownFileType = sourcecode.swift; path = UIColor.swift; sourceTree = "<group>"; };
		46F250A6277FC2E00099CDB6 /* APILinksFactory.swift */ = {isa = PBXFileReference; lastKnownFileType = sourcecode.swift; path = APILinksFactory.swift; sourceTree = "<group>"; };
		46F250A8277FC4270099CDB6 /* APIClient.swift */ = {isa = PBXFileReference; lastKnownFileType = sourcecode.swift; path = APIClient.swift; sourceTree = "<group>"; };
		46F250AB277FC4DA0099CDB6 /* PhotosRepository.swift */ = {isa = PBXFileReference; lastKnownFileType = sourcecode.swift; path = PhotosRepository.swift; sourceTree = "<group>"; };
		46F250AD277FC5370099CDB6 /* PicsumPhoto.swift */ = {isa = PBXFileReference; lastKnownFileType = sourcecode.swift; path = PicsumPhoto.swift; sourceTree = "<group>"; };
		46F250AF277FE6CE0099CDB6 /* WebPhotosRepository.swift */ = {isa = PBXFileReference; lastKnownFileType = sourcecode.swift; path = WebPhotosRepository.swift; sourceTree = "<group>"; };
		46F250B2277FE7D00099CDB6 /* PhotosListBuilder.swift */ = {isa = PBXFileReference; lastKnownFileType = sourcecode.swift; path = PhotosListBuilder.swift; sourceTree = "<group>"; };
		46F250B4277FE7DF0099CDB6 /* PhotosListPresenter.swift */ = {isa = PBXFileReference; lastKnownFileType = sourcecode.swift; path = PhotosListPresenter.swift; sourceTree = "<group>"; };
		46F250B6277FE7EE0099CDB6 /* PhotosListViewController.swift */ = {isa = PBXFileReference; lastKnownFileType = sourcecode.swift; path = PhotosListViewController.swift; sourceTree = "<group>"; };
		46F250BA277FED1C0099CDB6 /* ItemCollectionViewCellType.swift */ = {isa = PBXFileReference; lastKnownFileType = sourcecode.swift; path = ItemCollectionViewCellType.swift; sourceTree = "<group>"; };
		46F250BC277FED380099CDB6 /* PhotosCollectionViewDataSource.swift */ = {isa = PBXFileReference; lastKnownFileType = sourcecode.swift; path = PhotosCollectionViewDataSource.swift; sourceTree = "<group>"; };
		46F250BE277FED5C0099CDB6 /* PhotoCollectionCell.swift */ = {isa = PBXFileReference; lastKnownFileType = sourcecode.swift; path = PhotoCollectionCell.swift; sourceTree = "<group>"; };
		46F250C0277FED7E0099CDB6 /* CellReusable.swift */ = {isa = PBXFileReference; lastKnownFileType = sourcecode.swift; path = CellReusable.swift; sourceTree = "<group>"; };
		46F250C2277FEDA10099CDB6 /* UICollectionView+ReusableCell.swift */ = {isa = PBXFileReference; lastKnownFileType = sourcecode.swift; path = "UICollectionView+ReusableCell.swift"; sourceTree = "<group>"; };
		46F250C4277FF0A00099CDB6 /* AdPlaceHolderCollectionCell.swift */ = {isa = PBXFileReference; lastKnownFileType = sourcecode.swift; path = AdPlaceHolderCollectionCell.swift; sourceTree = "<group>"; };
		46F250C6277FF2650099CDB6 /* UserDefaultPhotosRepository.swift */ = {isa = PBXFileReference; lastKnownFileType = sourcecode.swift; path = UserDefaultPhotosRepository.swift; sourceTree = "<group>"; };
		46F250C8277FF3EB0099CDB6 /* Constant.swift */ = {isa = PBXFileReference; lastKnownFileType = sourcecode.swift; path = Constant.swift; sourceTree = "<group>"; };
		46F250CA277FF4540099CDB6 /* EntryPoint.swift */ = {isa = PBXFileReference; lastKnownFileType = sourcecode.swift; path = EntryPoint.swift; sourceTree = "<group>"; };
		49D8F354F08AF3FA2DA5C0BE /* Pods-Picsum-PicsumUITests.release.xcconfig */ = {isa = PBXFileReference; includeInIndex = 1; lastKnownFileType = text.xcconfig; name = "Pods-Picsum-PicsumUITests.release.xcconfig"; path = "Target Support Files/Pods-Picsum-PicsumUITests/Pods-Picsum-PicsumUITests.release.xcconfig"; sourceTree = "<group>"; };
		85F909C5FBCE15F41F224B25 /* Pods-Picsum.debug.xcconfig */ = {isa = PBXFileReference; includeInIndex = 1; lastKnownFileType = text.xcconfig; name = "Pods-Picsum.debug.xcconfig"; path = "Target Support Files/Pods-Picsum/Pods-Picsum.debug.xcconfig"; sourceTree = "<group>"; };
		9A311911E872813C313EE88C /* Pods-Picsum.release.xcconfig */ = {isa = PBXFileReference; includeInIndex = 1; lastKnownFileType = text.xcconfig; name = "Pods-Picsum.release.xcconfig"; path = "Target Support Files/Pods-Picsum/Pods-Picsum.release.xcconfig"; sourceTree = "<group>"; };
		C1F3C0650EB887088CC8CA46 /* Pods_Picsum.framework */ = {isa = PBXFileReference; explicitFileType = wrapper.framework; includeInIndex = 0; path = Pods_Picsum.framework; sourceTree = BUILT_PRODUCTS_DIR; };
		EA2326D71D4981163FAA0D93 /* Pods-PicsumTests.release.xcconfig */ = {isa = PBXFileReference; includeInIndex = 1; lastKnownFileType = text.xcconfig; name = "Pods-PicsumTests.release.xcconfig"; path = "Target Support Files/Pods-PicsumTests/Pods-PicsumTests.release.xcconfig"; sourceTree = "<group>"; };
/* End PBXFileReference section */

/* Begin PBXFrameworksBuildPhase section */
		46D240B4277DF1B000EDDE1A /* Frameworks */ = {
			isa = PBXFrameworksBuildPhase;
			buildActionMask = 2147483647;
			files = (
				970B100F206EDF2077CF7138 /* Pods_Picsum.framework in Frameworks */,
			);
			runOnlyForDeploymentPostprocessing = 0;
		};
		46D240CA277DF1B200EDDE1A /* Frameworks */ = {
			isa = PBXFrameworksBuildPhase;
			buildActionMask = 2147483647;
			files = (
				60AA4C52313C111AE799F905 /* Pods_PicsumTests.framework in Frameworks */,
			);
			runOnlyForDeploymentPostprocessing = 0;
		};
		46D240D4277DF1B200EDDE1A /* Frameworks */ = {
			isa = PBXFrameworksBuildPhase;
			buildActionMask = 2147483647;
			files = (
				D66430E4F9B839834916C688 /* Pods_Picsum_PicsumUITests.framework in Frameworks */,
			);
			runOnlyForDeploymentPostprocessing = 0;
		};
/* End PBXFrameworksBuildPhase section */

/* Begin PBXGroup section */
		4657E3FD27818C79001BC663 /* PhotoDetails */ = {
			isa = PBXGroup;
			children = (
				4657E3FE27818CDD001BC663 /* PhotoDetailsViewController.swift */,
				4657E40027818D0E001BC663 /* PhotoDetailsBuilder.swift */,
				4657E40227818D26001BC663 /* PhotoDetailsPresenter.swift */,
			);
			path = PhotoDetails;
			sourceTree = "<group>";
		};
		4657E40827823767001BC663 /* DataLoader */ = {
			isa = PBXGroup;
			children = (
				4657E40B278237BB001BC663 /* data.json */,
				4657E41A278241C8001BC663 /* noData.json */,
				4657E40D2782386F001BC663 /* DataLoader.swift */,
			);
			path = DataLoader;
			sourceTree = "<group>";
		};
		4657E40F27823907001BC663 /* Mocker */ = {
			isa = PBXGroup;
			children = (
				4657E4102782391B001BC663 /* NetworkMock.swift */,
				4657E420278244EB001BC663 /* MockReachability.swift */,
			);
			path = Mocker;
			sourceTree = "<group>";
		};
		4657E42427824975001BC663 /* PhotoListRepositoryTest */ = {
			isa = PBXGroup;
			children = (
				4657E41C27824294001BC663 /* UserDefaultPhotosRepositoryTests.swift */,
				4657E41827824117001BC663 /* WebPhotosRepositoryTests.swift */,
				4657E41427823978001BC663 /* PhotoListRepositoryTest.swift */,
			);
			path = PhotoListRepositoryTest;
			sourceTree = "<group>";
		};
		4657E425278249B6001BC663 /* NetworkLayer */ = {
			isa = PBXGroup;
			children = (
				4657E41627823F9A001BC663 /* NetworkTests.swift */,
			);
			path = NetworkLayer;
			sourceTree = "<group>";
		};
		4657E426278249D2001BC663 /* PhotosListTests */ = {
			isa = PBXGroup;
			children = (
				4657E422278247BA001BC663 /* PhotosListViewControllerTests.swift */,
				4657E41E278244B8001BC663 /* PhotosListPresenterTests.swift */,
			);
			path = PhotosListTests;
			sourceTree = "<group>";
		};
		46D240AE277DF1B000EDDE1A = {
			isa = PBXGroup;
			children = (
				46D240B9277DF1B000EDDE1A /* Picsum */,
				46D240D0277DF1B200EDDE1A /* PicsumTests */,
				46D240DA277DF1B200EDDE1A /* PicsumUITests */,
				46D240B8277DF1B000EDDE1A /* Products */,
				5906B080D93FADEC1095EF36 /* Pods */,
				765B562D30A49C629D6AD606 /* Frameworks */,
			);
			sourceTree = "<group>";
		};
		46D240B8277DF1B000EDDE1A /* Products */ = {
			isa = PBXGroup;
			children = (
				46D240B7277DF1B000EDDE1A /* Picsum.app */,
				46D240CD277DF1B200EDDE1A /* PicsumTests.xctest */,
				46D240D7277DF1B200EDDE1A /* PicsumUITests.xctest */,
			);
			name = Products;
			sourceTree = "<group>";
		};
		46D240B9277DF1B000EDDE1A /* Picsum */ = {
			isa = PBXGroup;
			children = (
				46F25089277EDAA40099CDB6 /* App */,
				46F2509B277F9FCD0099CDB6 /* Constants */,
				46F2509C277F9FE10099CDB6 /* Components */,
				46F2508A277EDBA50099CDB6 /* Extension */,
				46F2509D277FA0000099CDB6 /* Resources */,
				46F2508B277EDBB10099CDB6 /* Models */,
				46F2509A277F97720099CDB6 /* Protocol */,
				46F2508D277EDBD40099CDB6 /* DataAccessLayer */,
				46F2508C277EDBBD0099CDB6 /* Scene */,
				46D240C5277DF1B200EDDE1A /* LaunchScreen.storyboard */,
				46D240C8277DF1B200EDDE1A /* Info.plist */,
			);
			path = Picsum;
			sourceTree = "<group>";
		};
		46D240D0277DF1B200EDDE1A /* PicsumTests */ = {
			isa = PBXGroup;
			children = (
				4657E40F27823907001BC663 /* Mocker */,
				4657E40827823767001BC663 /* DataLoader */,
				4657E425278249B6001BC663 /* NetworkLayer */,
				4657E42427824975001BC663 /* PhotoListRepositoryTest */,
				4657E426278249D2001BC663 /* PhotosListTests */,
				46D240D1277DF1B200EDDE1A /* PicsumTests.swift */,
			);
			path = PicsumTests;
			sourceTree = "<group>";
		};
		46D240DA277DF1B200EDDE1A /* PicsumUITests */ = {
			isa = PBXGroup;
			children = (
				46D240DB277DF1B200EDDE1A /* PicsumUITests.swift */,
				46D240DD277DF1B200EDDE1A /* PicsumUITestsLaunchTests.swift */,
			);
			path = PicsumUITests;
			sourceTree = "<group>";
		};
		46F25089277EDAA40099CDB6 /* App */ = {
			isa = PBXGroup;
			children = (
				46D240BA277DF1B000EDDE1A /* AppDelegate.swift */,
				46F250CA277FF4540099CDB6 /* EntryPoint.swift */,
			);
			path = App;
			sourceTree = "<group>";
		};
		46F2508A277EDBA50099CDB6 /* Extension */ = {
			isa = PBXGroup;
			children = (
				46F2508E277EDF0D0099CDB6 /* UIView+Loading.swift */,
				46F25090277EDFF90099CDB6 /* Reachability.swift */,
				46F25092277EE08D0099CDB6 /* NotificationName.swift */,
				46F25094277EE1170099CDB6 /* EmptyPlaceHolderView.swift */,
				46F25096277EE1400099CDB6 /* UICollectionView+EmptyState.swift */,
				46F25098277EE1600099CDB6 /* UIImageView+DownloadImage.swift */,
				46F250A2277FB8040099CDB6 /* UIViewController+Toast.swift */,
				46F250A4277FBCDD0099CDB6 /* UIColor.swift */,
				46F250C2277FEDA10099CDB6 /* UICollectionView+ReusableCell.swift */,
				4657E4062781D50A001BC663 /* UIImage+dominantColor.swift */,
			);
			path = Extension;
			sourceTree = "<group>";
		};
		46F2508B277EDBB10099CDB6 /* Models */ = {
			isa = PBXGroup;
			children = (
				46F250AD277FC5370099CDB6 /* PicsumPhoto.swift */,
			);
			path = Models;
			sourceTree = "<group>";
		};
		46F2508C277EDBBD0099CDB6 /* Scene */ = {
			isa = PBXGroup;
			children = (
				46D240BC277DF1B000EDDE1A /* SceneDelegate.swift */,
				46F250B1277FE7B50099CDB6 /* PhotosList */,
				4657E3FD27818C79001BC663 /* PhotoDetails */,
			);
			path = Scene;
			sourceTree = "<group>";
		};
		46F2508D277EDBD40099CDB6 /* DataAccessLayer */ = {
			isa = PBXGroup;
			children = (
				46F250AA277FC4BA0099CDB6 /* PhotosRepository */,
				46F250A6277FC2E00099CDB6 /* APILinksFactory.swift */,
				46F250A8277FC4270099CDB6 /* APIClient.swift */,
			);
			path = DataAccessLayer;
			sourceTree = "<group>";
		};
		46F2509A277F97720099CDB6 /* Protocol */ = {
			isa = PBXGroup;
			children = (
				46F2509E277FA3080099CDB6 /* BasePresenterIO.swift */,
				46F250C0277FED7E0099CDB6 /* CellReusable.swift */,
			);
			path = Protocol;
			sourceTree = "<group>";
		};
		46F2509B277F9FCD0099CDB6 /* Constants */ = {
			isa = PBXGroup;
			children = (
				46F250A0277FA3560099CDB6 /* PicsumError.swift */,
				46F250C8277FF3EB0099CDB6 /* Constant.swift */,
			);
			path = Constants;
			sourceTree = "<group>";
		};
		46F2509C277F9FE10099CDB6 /* Components */ = {
			isa = PBXGroup;
			children = (
			);
			path = Components;
			sourceTree = "<group>";
		};
		46F2509D277FA0000099CDB6 /* Resources */ = {
			isa = PBXGroup;
			children = (
				46D240C3277DF1B200EDDE1A /* Assets.xcassets */,
			);
			path = Resources;
			sourceTree = "<group>";
		};
		46F250AA277FC4BA0099CDB6 /* PhotosRepository */ = {
			isa = PBXGroup;
			children = (
				46F250AB277FC4DA0099CDB6 /* PhotosRepository.swift */,
				46F250AF277FE6CE0099CDB6 /* WebPhotosRepository.swift */,
				46F250C6277FF2650099CDB6 /* UserDefaultPhotosRepository.swift */,
			);
			path = PhotosRepository;
			sourceTree = "<group>";
		};
		46F250B1277FE7B50099CDB6 /* PhotosList */ = {
			isa = PBXGroup;
			children = (
				46F250B9277FE81F0099CDB6 /* DataSource */,
				46F250B8277FE8120099CDB6 /* Cells */,
				46F250B2277FE7D00099CDB6 /* PhotosListBuilder.swift */,
				46F250B4277FE7DF0099CDB6 /* PhotosListPresenter.swift */,
				46F250B6277FE7EE0099CDB6 /* PhotosListViewController.swift */,
				4657E4042781CB59001BC663 /* PhotosListRouter.swift */,
			);
			path = PhotosList;
			sourceTree = "<group>";
		};
		46F250B8277FE8120099CDB6 /* Cells */ = {
			isa = PBXGroup;
			children = (
				46F250BE277FED5C0099CDB6 /* PhotoCollectionCell.swift */,
				46F250C4277FF0A00099CDB6 /* AdPlaceHolderCollectionCell.swift */,
			);
			path = Cells;
			sourceTree = "<group>";
		};
		46F250B9277FE81F0099CDB6 /* DataSource */ = {
			isa = PBXGroup;
			children = (
				46F250BA277FED1C0099CDB6 /* ItemCollectionViewCellType.swift */,
				46F250BC277FED380099CDB6 /* PhotosCollectionViewDataSource.swift */,
			);
			path = DataSource;
			sourceTree = "<group>";
		};
		5906B080D93FADEC1095EF36 /* Pods */ = {
			isa = PBXGroup;
			children = (
				85F909C5FBCE15F41F224B25 /* Pods-Picsum.debug.xcconfig */,
				9A311911E872813C313EE88C /* Pods-Picsum.release.xcconfig */,
				1BEC519A565A77C37F36B2AD /* Pods-Picsum-PicsumUITests.debug.xcconfig */,
				49D8F354F08AF3FA2DA5C0BE /* Pods-Picsum-PicsumUITests.release.xcconfig */,
				21FCBD303AD740EBDFECB233 /* Pods-PicsumTests.debug.xcconfig */,
				EA2326D71D4981163FAA0D93 /* Pods-PicsumTests.release.xcconfig */,
			);
			path = Pods;
			sourceTree = "<group>";
		};
		765B562D30A49C629D6AD606 /* Frameworks */ = {
			isa = PBXGroup;
			children = (
				C1F3C0650EB887088CC8CA46 /* Pods_Picsum.framework */,
				24D3AB19E6F7A2B290337A39 /* Pods_Picsum_PicsumUITests.framework */,
				458B66937E6611AA9F1491C9 /* Pods_PicsumTests.framework */,
			);
			name = Frameworks;
			sourceTree = "<group>";
		};
/* End PBXGroup section */

/* Begin PBXNativeTarget section */
		46D240B6277DF1B000EDDE1A /* Picsum */ = {
			isa = PBXNativeTarget;
			buildConfigurationList = 46D240E1277DF1B200EDDE1A /* Build configuration list for PBXNativeTarget "Picsum" */;
			buildPhases = (
				366135217CF9FE532CF4FF7F /* [CP] Check Pods Manifest.lock */,
				46D240B3277DF1B000EDDE1A /* Sources */,
				46D240B4277DF1B000EDDE1A /* Frameworks */,
				46D240B5277DF1B000EDDE1A /* Resources */,
				D05B2E5201D88B6C7D1630E6 /* [CP] Embed Pods Frameworks */,
			);
			buildRules = (
			);
			dependencies = (
			);
			name = Picsum;
			productName = Picsum;
			productReference = 46D240B7277DF1B000EDDE1A /* Picsum.app */;
			productType = "com.apple.product-type.application";
		};
		46D240CC277DF1B200EDDE1A /* PicsumTests */ = {
			isa = PBXNativeTarget;
			buildConfigurationList = 46D240E4277DF1B200EDDE1A /* Build configuration list for PBXNativeTarget "PicsumTests" */;
			buildPhases = (
				56B8CEA443ABC7D70991DB86 /* [CP] Check Pods Manifest.lock */,
				46D240C9277DF1B200EDDE1A /* Sources */,
				46D240CA277DF1B200EDDE1A /* Frameworks */,
				46D240CB277DF1B200EDDE1A /* Resources */,
			);
			buildRules = (
			);
			dependencies = (
				46D240CF277DF1B200EDDE1A /* PBXTargetDependency */,
			);
			name = PicsumTests;
			productName = PicsumTests;
			productReference = 46D240CD277DF1B200EDDE1A /* PicsumTests.xctest */;
			productType = "com.apple.product-type.bundle.unit-test";
		};
		46D240D6277DF1B200EDDE1A /* PicsumUITests */ = {
			isa = PBXNativeTarget;
			buildConfigurationList = 46D240E7277DF1B200EDDE1A /* Build configuration list for PBXNativeTarget "PicsumUITests" */;
			buildPhases = (
				31B13B083639EB4B3EB9ABC6 /* [CP] Check Pods Manifest.lock */,
				46D240D3277DF1B200EDDE1A /* Sources */,
				46D240D4277DF1B200EDDE1A /* Frameworks */,
				46D240D5277DF1B200EDDE1A /* Resources */,
				885B24B6CC2419010594F442 /* [CP] Embed Pods Frameworks */,
			);
			buildRules = (
			);
			dependencies = (
				46D240D9277DF1B200EDDE1A /* PBXTargetDependency */,
			);
			name = PicsumUITests;
			productName = PicsumUITests;
			productReference = 46D240D7277DF1B200EDDE1A /* PicsumUITests.xctest */;
			productType = "com.apple.product-type.bundle.ui-testing";
		};
/* End PBXNativeTarget section */

/* Begin PBXProject section */
		46D240AF277DF1B000EDDE1A /* Project object */ = {
			isa = PBXProject;
			attributes = {
				BuildIndependentTargetsInParallel = 1;
				LastSwiftUpdateCheck = 1320;
				LastUpgradeCheck = 1320;
				TargetAttributes = {
					46D240B6277DF1B000EDDE1A = {
						CreatedOnToolsVersion = 13.2.1;
					};
					46D240CC277DF1B200EDDE1A = {
						CreatedOnToolsVersion = 13.2.1;
						TestTargetID = 46D240B6277DF1B000EDDE1A;
					};
					46D240D6277DF1B200EDDE1A = {
						CreatedOnToolsVersion = 13.2.1;
						TestTargetID = 46D240B6277DF1B000EDDE1A;
					};
				};
			};
			buildConfigurationList = 46D240B2277DF1B000EDDE1A /* Build configuration list for PBXProject "Picsum" */;
			compatibilityVersion = "Xcode 13.0";
			developmentRegion = en;
			hasScannedForEncodings = 0;
			knownRegions = (
				en,
				Base,
			);
			mainGroup = 46D240AE277DF1B000EDDE1A;
			productRefGroup = 46D240B8277DF1B000EDDE1A /* Products */;
			projectDirPath = "";
			projectRoot = "";
			targets = (
				46D240B6277DF1B000EDDE1A /* Picsum */,
				46D240CC277DF1B200EDDE1A /* PicsumTests */,
				46D240D6277DF1B200EDDE1A /* PicsumUITests */,
			);
		};
/* End PBXProject section */

/* Begin PBXResourcesBuildPhase section */
		46D240B5277DF1B000EDDE1A /* Resources */ = {
			isa = PBXResourcesBuildPhase;
			buildActionMask = 2147483647;
			files = (
				46D240C7277DF1B200EDDE1A /* LaunchScreen.storyboard in Resources */,
				46D240C4277DF1B200EDDE1A /* Assets.xcassets in Resources */,
			);
			runOnlyForDeploymentPostprocessing = 0;
		};
		46D240CB277DF1B200EDDE1A /* Resources */ = {
			isa = PBXResourcesBuildPhase;
			buildActionMask = 2147483647;
			files = (
				4657E41B278241C8001BC663 /* noData.json in Resources */,
				4657E40C278237BB001BC663 /* data.json in Resources */,
			);
			runOnlyForDeploymentPostprocessing = 0;
		};
		46D240D5277DF1B200EDDE1A /* Resources */ = {
			isa = PBXResourcesBuildPhase;
			buildActionMask = 2147483647;
			files = (
			);
			runOnlyForDeploymentPostprocessing = 0;
		};
/* End PBXResourcesBuildPhase section */

/* Begin PBXShellScriptBuildPhase section */
		31B13B083639EB4B3EB9ABC6 /* [CP] Check Pods Manifest.lock */ = {
			isa = PBXShellScriptBuildPhase;
			buildActionMask = 2147483647;
			files = (
			);
			inputFileListPaths = (
			);
			inputPaths = (
				"${PODS_PODFILE_DIR_PATH}/Podfile.lock",
				"${PODS_ROOT}/Manifest.lock",
			);
			name = "[CP] Check Pods Manifest.lock";
			outputFileListPaths = (
			);
			outputPaths = (
				"$(DERIVED_FILE_DIR)/Pods-Picsum-PicsumUITests-checkManifestLockResult.txt",
			);
			runOnlyForDeploymentPostprocessing = 0;
			shellPath = /bin/sh;
			shellScript = "diff \"${PODS_PODFILE_DIR_PATH}/Podfile.lock\" \"${PODS_ROOT}/Manifest.lock\" > /dev/null\nif [ $? != 0 ] ; then\n    # print error to STDERR\n    echo \"error: The sandbox is not in sync with the Podfile.lock. Run 'pod install' or update your CocoaPods installation.\" >&2\n    exit 1\nfi\n# This output is used by Xcode 'outputs' to avoid re-running this script phase.\necho \"SUCCESS\" > \"${SCRIPT_OUTPUT_FILE_0}\"\n";
			showEnvVarsInLog = 0;
		};
		366135217CF9FE532CF4FF7F /* [CP] Check Pods Manifest.lock */ = {
			isa = PBXShellScriptBuildPhase;
			buildActionMask = 2147483647;
			files = (
			);
			inputFileListPaths = (
			);
			inputPaths = (
				"${PODS_PODFILE_DIR_PATH}/Podfile.lock",
				"${PODS_ROOT}/Manifest.lock",
			);
			name = "[CP] Check Pods Manifest.lock";
			outputFileListPaths = (
			);
			outputPaths = (
				"$(DERIVED_FILE_DIR)/Pods-Picsum-checkManifestLockResult.txt",
			);
			runOnlyForDeploymentPostprocessing = 0;
			shellPath = /bin/sh;
			shellScript = "diff \"${PODS_PODFILE_DIR_PATH}/Podfile.lock\" \"${PODS_ROOT}/Manifest.lock\" > /dev/null\nif [ $? != 0 ] ; then\n    # print error to STDERR\n    echo \"error: The sandbox is not in sync with the Podfile.lock. Run 'pod install' or update your CocoaPods installation.\" >&2\n    exit 1\nfi\n# This output is used by Xcode 'outputs' to avoid re-running this script phase.\necho \"SUCCESS\" > \"${SCRIPT_OUTPUT_FILE_0}\"\n";
			showEnvVarsInLog = 0;
		};
		56B8CEA443ABC7D70991DB86 /* [CP] Check Pods Manifest.lock */ = {
			isa = PBXShellScriptBuildPhase;
			buildActionMask = 2147483647;
			files = (
			);
			inputFileListPaths = (
			);
			inputPaths = (
				"${PODS_PODFILE_DIR_PATH}/Podfile.lock",
				"${PODS_ROOT}/Manifest.lock",
			);
			name = "[CP] Check Pods Manifest.lock";
			outputFileListPaths = (
			);
			outputPaths = (
				"$(DERIVED_FILE_DIR)/Pods-PicsumTests-checkManifestLockResult.txt",
			);
			runOnlyForDeploymentPostprocessing = 0;
			shellPath = /bin/sh;
			shellScript = "diff \"${PODS_PODFILE_DIR_PATH}/Podfile.lock\" \"${PODS_ROOT}/Manifest.lock\" > /dev/null\nif [ $? != 0 ] ; then\n    # print error to STDERR\n    echo \"error: The sandbox is not in sync with the Podfile.lock. Run 'pod install' or update your CocoaPods installation.\" >&2\n    exit 1\nfi\n# This output is used by Xcode 'outputs' to avoid re-running this script phase.\necho \"SUCCESS\" > \"${SCRIPT_OUTPUT_FILE_0}\"\n";
			showEnvVarsInLog = 0;
		};
		885B24B6CC2419010594F442 /* [CP] Embed Pods Frameworks */ = {
			isa = PBXShellScriptBuildPhase;
			buildActionMask = 2147483647;
			files = (
			);
			inputFileListPaths = (
				"${PODS_ROOT}/Target Support Files/Pods-Picsum-PicsumUITests/Pods-Picsum-PicsumUITests-frameworks-${CONFIGURATION}-input-files.xcfilelist",
			);
			name = "[CP] Embed Pods Frameworks";
			outputFileListPaths = (
				"${PODS_ROOT}/Target Support Files/Pods-Picsum-PicsumUITests/Pods-Picsum-PicsumUITests-frameworks-${CONFIGURATION}-output-files.xcfilelist",
			);
			runOnlyForDeploymentPostprocessing = 0;
			shellPath = /bin/sh;
			shellScript = "\"${PODS_ROOT}/Target Support Files/Pods-Picsum-PicsumUITests/Pods-Picsum-PicsumUITests-frameworks.sh\"\n";
			showEnvVarsInLog = 0;
		};
		D05B2E5201D88B6C7D1630E6 /* [CP] Embed Pods Frameworks */ = {
			isa = PBXShellScriptBuildPhase;
			buildActionMask = 2147483647;
			files = (
			);
			inputFileListPaths = (
				"${PODS_ROOT}/Target Support Files/Pods-Picsum/Pods-Picsum-frameworks-${CONFIGURATION}-input-files.xcfilelist",
			);
			name = "[CP] Embed Pods Frameworks";
			outputFileListPaths = (
				"${PODS_ROOT}/Target Support Files/Pods-Picsum/Pods-Picsum-frameworks-${CONFIGURATION}-output-files.xcfilelist",
			);
			runOnlyForDeploymentPostprocessing = 0;
			shellPath = /bin/sh;
			shellScript = "\"${PODS_ROOT}/Target Support Files/Pods-Picsum/Pods-Picsum-frameworks.sh\"\n";
			showEnvVarsInLog = 0;
		};
/* End PBXShellScriptBuildPhase section */

/* Begin PBXSourcesBuildPhase section */
		46D240B3277DF1B000EDDE1A /* Sources */ = {
			isa = PBXSourcesBuildPhase;
			buildActionMask = 2147483647;
			files = (
				46F250CB277FF4540099CDB6 /* EntryPoint.swift in Sources */,
				4657E4052781CB59001BC663 /* PhotosListRouter.swift in Sources */,
				46F250A1277FA3560099CDB6 /* PicsumError.swift in Sources */,
				46F2509F277FA3080099CDB6 /* BasePresenterIO.swift in Sources */,
				46F25095277EE1170099CDB6 /* EmptyPlaceHolderView.swift in Sources */,
				46F25093277EE08D0099CDB6 /* NotificationName.swift in Sources */,
				46F250C5277FF0A00099CDB6 /* AdPlaceHolderCollectionCell.swift in Sources */,
				46F250B5277FE7DF0099CDB6 /* PhotosListPresenter.swift in Sources */,
				46F250AE277FC5370099CDB6 /* PicsumPhoto.swift in Sources */,
				4657E4072781D50A001BC663 /* UIImage+dominantColor.swift in Sources */,
				46F250C9277FF3EB0099CDB6 /* Constant.swift in Sources */,
				46F2508F277EDF0D0099CDB6 /* UIView+Loading.swift in Sources */,
				46F250BB277FED1C0099CDB6 /* ItemCollectionViewCellType.swift in Sources */,
				46F250C1277FED7E0099CDB6 /* CellReusable.swift in Sources */,
				46F25097277EE1400099CDB6 /* UICollectionView+EmptyState.swift in Sources */,
				46F25099277EE1600099CDB6 /* UIImageView+DownloadImage.swift in Sources */,
				46F250A9277FC4270099CDB6 /* APIClient.swift in Sources */,
				46D240BB277DF1B000EDDE1A /* AppDelegate.swift in Sources */,
				46F250A5277FBCDD0099CDB6 /* UIColor.swift in Sources */,
				46F250B3277FE7D00099CDB6 /* PhotosListBuilder.swift in Sources */,
				46F25091277EDFF90099CDB6 /* Reachability.swift in Sources */,
				46F250A3277FB8040099CDB6 /* UIViewController+Toast.swift in Sources */,
				46F250BF277FED5C0099CDB6 /* PhotoCollectionCell.swift in Sources */,
				46F250C7277FF2650099CDB6 /* UserDefaultPhotosRepository.swift in Sources */,
				46F250C3277FEDA10099CDB6 /* UICollectionView+ReusableCell.swift in Sources */,
				46F250B7277FE7EE0099CDB6 /* PhotosListViewController.swift in Sources */,
				46D240BD277DF1B000EDDE1A /* SceneDelegate.swift in Sources */,
				4657E40127818D0E001BC663 /* PhotoDetailsBuilder.swift in Sources */,
				46F250B0277FE6CE0099CDB6 /* WebPhotosRepository.swift in Sources */,
				4657E3FF27818CDD001BC663 /* PhotoDetailsViewController.swift in Sources */,
				46F250AC277FC4DA0099CDB6 /* PhotosRepository.swift in Sources */,
				46F250BD277FED380099CDB6 /* PhotosCollectionViewDataSource.swift in Sources */,
				4657E40327818D26001BC663 /* PhotoDetailsPresenter.swift in Sources */,
				46F250A7277FC2E00099CDB6 /* APILinksFactory.swift in Sources */,
			);
			runOnlyForDeploymentPostprocessing = 0;
		};
		46D240C9277DF1B200EDDE1A /* Sources */ = {
			isa = PBXSourcesBuildPhase;
			buildActionMask = 2147483647;
			files = (
				4657E421278244EB001BC663 /* MockReachability.swift in Sources */,
				4657E41727823F9A001BC663 /* NetworkTests.swift in Sources */,
				4657E41D27824294001BC663 /* UserDefaultPhotosRepositoryTests.swift in Sources */,
				4657E423278247BA001BC663 /* PhotosListViewControllerTests.swift in Sources */,
				4657E40E2782386F001BC663 /* DataLoader.swift in Sources */,
				46D240D2277DF1B200EDDE1A /* PicsumTests.swift in Sources */,
				4657E4112782391B001BC663 /* NetworkMock.swift in Sources */,
				4657E41F278244B8001BC663 /* PhotosListPresenterTests.swift in Sources */,
				4657E41527823978001BC663 /* PhotoListRepositoryTest.swift in Sources */,
				4657E41927824117001BC663 /* WebPhotosRepositoryTests.swift in Sources */,
			);
			runOnlyForDeploymentPostprocessing = 0;
		};
		46D240D3277DF1B200EDDE1A /* Sources */ = {
			isa = PBXSourcesBuildPhase;
			buildActionMask = 2147483647;
			files = (
				46D240DC277DF1B200EDDE1A /* PicsumUITests.swift in Sources */,
				46D240DE277DF1B200EDDE1A /* PicsumUITestsLaunchTests.swift in Sources */,
			);
			runOnlyForDeploymentPostprocessing = 0;
		};
/* End PBXSourcesBuildPhase section */

/* Begin PBXTargetDependency section */
		46D240CF277DF1B200EDDE1A /* PBXTargetDependency */ = {
			isa = PBXTargetDependency;
			target = 46D240B6277DF1B000EDDE1A /* Picsum */;
			targetProxy = 46D240CE277DF1B200EDDE1A /* PBXContainerItemProxy */;
		};
		46D240D9277DF1B200EDDE1A /* PBXTargetDependency */ = {
			isa = PBXTargetDependency;
			target = 46D240B6277DF1B000EDDE1A /* Picsum */;
			targetProxy = 46D240D8277DF1B200EDDE1A /* PBXContainerItemProxy */;
		};
/* End PBXTargetDependency section */

/* Begin PBXVariantGroup section */
		46D240C5277DF1B200EDDE1A /* LaunchScreen.storyboard */ = {
			isa = PBXVariantGroup;
			children = (
				46D240C6277DF1B200EDDE1A /* Base */,
			);
			name = LaunchScreen.storyboard;
			sourceTree = "<group>";
		};
/* End PBXVariantGroup section */

/* Begin XCBuildConfiguration section */
		46D240DF277DF1B200EDDE1A /* Debug */ = {
			isa = XCBuildConfiguration;
			buildSettings = {
				ALWAYS_SEARCH_USER_PATHS = NO;
				CLANG_ANALYZER_NONNULL = YES;
				CLANG_ANALYZER_NUMBER_OBJECT_CONVERSION = YES_AGGRESSIVE;
				CLANG_CXX_LANGUAGE_STANDARD = "gnu++17";
				CLANG_CXX_LIBRARY = "libc++";
				CLANG_ENABLE_MODULES = YES;
				CLANG_ENABLE_OBJC_ARC = YES;
				CLANG_ENABLE_OBJC_WEAK = YES;
				CLANG_WARN_BLOCK_CAPTURE_AUTORELEASING = YES;
				CLANG_WARN_BOOL_CONVERSION = YES;
				CLANG_WARN_COMMA = YES;
				CLANG_WARN_CONSTANT_CONVERSION = YES;
				CLANG_WARN_DEPRECATED_OBJC_IMPLEMENTATIONS = YES;
				CLANG_WARN_DIRECT_OBJC_ISA_USAGE = YES_ERROR;
				CLANG_WARN_DOCUMENTATION_COMMENTS = YES;
				CLANG_WARN_EMPTY_BODY = YES;
				CLANG_WARN_ENUM_CONVERSION = YES;
				CLANG_WARN_INFINITE_RECURSION = YES;
				CLANG_WARN_INT_CONVERSION = YES;
				CLANG_WARN_NON_LITERAL_NULL_CONVERSION = YES;
				CLANG_WARN_OBJC_IMPLICIT_RETAIN_SELF = YES;
				CLANG_WARN_OBJC_LITERAL_CONVERSION = YES;
				CLANG_WARN_OBJC_ROOT_CLASS = YES_ERROR;
				CLANG_WARN_QUOTED_INCLUDE_IN_FRAMEWORK_HEADER = YES;
				CLANG_WARN_RANGE_LOOP_ANALYSIS = YES;
				CLANG_WARN_STRICT_PROTOTYPES = YES;
				CLANG_WARN_SUSPICIOUS_MOVE = YES;
				CLANG_WARN_UNGUARDED_AVAILABILITY = YES_AGGRESSIVE;
				CLANG_WARN_UNREACHABLE_CODE = YES;
				CLANG_WARN__DUPLICATE_METHOD_MATCH = YES;
				COPY_PHASE_STRIP = NO;
				DEBUG_INFORMATION_FORMAT = dwarf;
				ENABLE_STRICT_OBJC_MSGSEND = YES;
				ENABLE_TESTABILITY = YES;
				GCC_C_LANGUAGE_STANDARD = gnu11;
				GCC_DYNAMIC_NO_PIC = NO;
				GCC_NO_COMMON_BLOCKS = YES;
				GCC_OPTIMIZATION_LEVEL = 0;
				GCC_PREPROCESSOR_DEFINITIONS = (
					"DEBUG=1",
					"$(inherited)",
				);
				GCC_WARN_64_TO_32_BIT_CONVERSION = YES;
				GCC_WARN_ABOUT_RETURN_TYPE = YES_ERROR;
				GCC_WARN_UNDECLARED_SELECTOR = YES;
				GCC_WARN_UNINITIALIZED_AUTOS = YES_AGGRESSIVE;
				GCC_WARN_UNUSED_FUNCTION = YES;
				GCC_WARN_UNUSED_VARIABLE = YES;
				IPHONEOS_DEPLOYMENT_TARGET = 15.2;
				MTL_ENABLE_DEBUG_INFO = INCLUDE_SOURCE;
				MTL_FAST_MATH = YES;
				ONLY_ACTIVE_ARCH = YES;
				SDKROOT = iphoneos;
				SWIFT_ACTIVE_COMPILATION_CONDITIONS = DEBUG;
				SWIFT_OPTIMIZATION_LEVEL = "-Onone";
			};
			name = Debug;
		};
		46D240E0277DF1B200EDDE1A /* Release */ = {
			isa = XCBuildConfiguration;
			buildSettings = {
				ALWAYS_SEARCH_USER_PATHS = NO;
				CLANG_ANALYZER_NONNULL = YES;
				CLANG_ANALYZER_NUMBER_OBJECT_CONVERSION = YES_AGGRESSIVE;
				CLANG_CXX_LANGUAGE_STANDARD = "gnu++17";
				CLANG_CXX_LIBRARY = "libc++";
				CLANG_ENABLE_MODULES = YES;
				CLANG_ENABLE_OBJC_ARC = YES;
				CLANG_ENABLE_OBJC_WEAK = YES;
				CLANG_WARN_BLOCK_CAPTURE_AUTORELEASING = YES;
				CLANG_WARN_BOOL_CONVERSION = YES;
				CLANG_WARN_COMMA = YES;
				CLANG_WARN_CONSTANT_CONVERSION = YES;
				CLANG_WARN_DEPRECATED_OBJC_IMPLEMENTATIONS = YES;
				CLANG_WARN_DIRECT_OBJC_ISA_USAGE = YES_ERROR;
				CLANG_WARN_DOCUMENTATION_COMMENTS = YES;
				CLANG_WARN_EMPTY_BODY = YES;
				CLANG_WARN_ENUM_CONVERSION = YES;
				CLANG_WARN_INFINITE_RECURSION = YES;
				CLANG_WARN_INT_CONVERSION = YES;
				CLANG_WARN_NON_LITERAL_NULL_CONVERSION = YES;
				CLANG_WARN_OBJC_IMPLICIT_RETAIN_SELF = YES;
				CLANG_WARN_OBJC_LITERAL_CONVERSION = YES;
				CLANG_WARN_OBJC_ROOT_CLASS = YES_ERROR;
				CLANG_WARN_QUOTED_INCLUDE_IN_FRAMEWORK_HEADER = YES;
				CLANG_WARN_RANGE_LOOP_ANALYSIS = YES;
				CLANG_WARN_STRICT_PROTOTYPES = YES;
				CLANG_WARN_SUSPICIOUS_MOVE = YES;
				CLANG_WARN_UNGUARDED_AVAILABILITY = YES_AGGRESSIVE;
				CLANG_WARN_UNREACHABLE_CODE = YES;
				CLANG_WARN__DUPLICATE_METHOD_MATCH = YES;
				COPY_PHASE_STRIP = NO;
				DEBUG_INFORMATION_FORMAT = "dwarf-with-dsym";
				ENABLE_NS_ASSERTIONS = NO;
				ENABLE_STRICT_OBJC_MSGSEND = YES;
				GCC_C_LANGUAGE_STANDARD = gnu11;
				GCC_NO_COMMON_BLOCKS = YES;
				GCC_WARN_64_TO_32_BIT_CONVERSION = YES;
				GCC_WARN_ABOUT_RETURN_TYPE = YES_ERROR;
				GCC_WARN_UNDECLARED_SELECTOR = YES;
				GCC_WARN_UNINITIALIZED_AUTOS = YES_AGGRESSIVE;
				GCC_WARN_UNUSED_FUNCTION = YES;
				GCC_WARN_UNUSED_VARIABLE = YES;
				IPHONEOS_DEPLOYMENT_TARGET = 15.2;
				MTL_ENABLE_DEBUG_INFO = NO;
				MTL_FAST_MATH = YES;
				SDKROOT = iphoneos;
				SWIFT_COMPILATION_MODE = wholemodule;
				SWIFT_OPTIMIZATION_LEVEL = "-O";
				VALIDATE_PRODUCT = YES;
			};
			name = Release;
		};
		46D240E2277DF1B200EDDE1A /* Debug */ = {
			isa = XCBuildConfiguration;
			baseConfigurationReference = 85F909C5FBCE15F41F224B25 /* Pods-Picsum.debug.xcconfig */;
			buildSettings = {
				ASSETCATALOG_COMPILER_APPICON_NAME = AppIcon;
				ASSETCATALOG_COMPILER_GLOBAL_ACCENT_COLOR_NAME = AccentColor;
				CODE_SIGN_STYLE = Automatic;
				CURRENT_PROJECT_VERSION = 1;
				DEVELOPMENT_TEAM = 5YA4F6ZP59;
				GENERATE_INFOPLIST_FILE = YES;
				INFOPLIST_FILE = Picsum/Info.plist;
				INFOPLIST_KEY_UIApplicationSupportsIndirectInputEvents = YES;
				INFOPLIST_KEY_UILaunchStoryboardName = LaunchScreen;
				INFOPLIST_KEY_UISupportedInterfaceOrientations_iPad = "UIInterfaceOrientationPortrait UIInterfaceOrientationPortraitUpsideDown UIInterfaceOrientationLandscapeLeft UIInterfaceOrientationLandscapeRight";
				INFOPLIST_KEY_UISupportedInterfaceOrientations_iPhone = "UIInterfaceOrientationPortrait UIInterfaceOrientationLandscapeLeft UIInterfaceOrientationLandscapeRight";
				IPHONEOS_DEPLOYMENT_TARGET = 13.0;
				LD_RUNPATH_SEARCH_PATHS = (
					"$(inherited)",
					"@executable_path/Frameworks",
				);
				MARKETING_VERSION = 1.0;
				PRODUCT_BUNDLE_IDENTIFIER = kelany.Picsum;
				PRODUCT_NAME = "$(TARGET_NAME)";
				SWIFT_EMIT_LOC_STRINGS = YES;
				SWIFT_VERSION = 5.0;
				TARGETED_DEVICE_FAMILY = "1,2";
			};
			name = Debug;
		};
		46D240E3277DF1B200EDDE1A /* Release */ = {
			isa = XCBuildConfiguration;
			baseConfigurationReference = 9A311911E872813C313EE88C /* Pods-Picsum.release.xcconfig */;
			buildSettings = {
				ASSETCATALOG_COMPILER_APPICON_NAME = AppIcon;
				ASSETCATALOG_COMPILER_GLOBAL_ACCENT_COLOR_NAME = AccentColor;
				CODE_SIGN_STYLE = Automatic;
				CURRENT_PROJECT_VERSION = 1;
				DEVELOPMENT_TEAM = 5YA4F6ZP59;
				GENERATE_INFOPLIST_FILE = YES;
				INFOPLIST_FILE = Picsum/Info.plist;
				INFOPLIST_KEY_UIApplicationSupportsIndirectInputEvents = YES;
				INFOPLIST_KEY_UILaunchStoryboardName = LaunchScreen;
				INFOPLIST_KEY_UISupportedInterfaceOrientations_iPad = "UIInterfaceOrientationPortrait UIInterfaceOrientationPortraitUpsideDown UIInterfaceOrientationLandscapeLeft UIInterfaceOrientationLandscapeRight";
				INFOPLIST_KEY_UISupportedInterfaceOrientations_iPhone = "UIInterfaceOrientationPortrait UIInterfaceOrientationLandscapeLeft UIInterfaceOrientationLandscapeRight";
				IPHONEOS_DEPLOYMENT_TARGET = 13.0;
				LD_RUNPATH_SEARCH_PATHS = (
					"$(inherited)",
					"@executable_path/Frameworks",
				);
				MARKETING_VERSION = 1.0;
				PRODUCT_BUNDLE_IDENTIFIER = kelany.Picsum;
				PRODUCT_NAME = "$(TARGET_NAME)";
				SWIFT_EMIT_LOC_STRINGS = YES;
				SWIFT_VERSION = 5.0;
				TARGETED_DEVICE_FAMILY = "1,2";
			};
			name = Release;
		};
		46D240E5277DF1B200EDDE1A /* Debug */ = {
			isa = XCBuildConfiguration;
			baseConfigurationReference = 21FCBD303AD740EBDFECB233 /* Pods-PicsumTests.debug.xcconfig */;
			buildSettings = {
				ALWAYS_EMBED_SWIFT_STANDARD_LIBRARIES = YES;
				BUNDLE_LOADER = "$(TEST_HOST)";
				CODE_SIGN_STYLE = Automatic;
				CURRENT_PROJECT_VERSION = 1;
				DEVELOPMENT_TEAM = 5YA4F6ZP59;
				GENERATE_INFOPLIST_FILE = YES;
				IPHONEOS_DEPLOYMENT_TARGET = 15.2;
				MARKETING_VERSION = 1.0;
				PRODUCT_BUNDLE_IDENTIFIER = kelany.PicsumTests;
				PRODUCT_NAME = "$(TARGET_NAME)";
				SWIFT_EMIT_LOC_STRINGS = NO;
				SWIFT_VERSION = 5.0;
				TARGETED_DEVICE_FAMILY = "1,2";
				TEST_HOST = "$(BUILT_PRODUCTS_DIR)/Picsum.app/Picsum";
			};
			name = Debug;
		};
		46D240E6277DF1B200EDDE1A /* Release */ = {
			isa = XCBuildConfiguration;
			baseConfigurationReference = EA2326D71D4981163FAA0D93 /* Pods-PicsumTests.release.xcconfig */;
			buildSettings = {
				ALWAYS_EMBED_SWIFT_STANDARD_LIBRARIES = YES;
				BUNDLE_LOADER = "$(TEST_HOST)";
				CODE_SIGN_STYLE = Automatic;
				CURRENT_PROJECT_VERSION = 1;
				DEVELOPMENT_TEAM = 5YA4F6ZP59;
				GENERATE_INFOPLIST_FILE = YES;
				IPHONEOS_DEPLOYMENT_TARGET = 15.2;
				MARKETING_VERSION = 1.0;
				PRODUCT_BUNDLE_IDENTIFIER = kelany.PicsumTests;
				PRODUCT_NAME = "$(TARGET_NAME)";
				SWIFT_EMIT_LOC_STRINGS = NO;
				SWIFT_VERSION = 5.0;
				TARGETED_DEVICE_FAMILY = "1,2";
				TEST_HOST = "$(BUILT_PRODUCTS_DIR)/Picsum.app/Picsum";
			};
			name = Release;
		};
		46D240E8277DF1B200EDDE1A /* Debug */ = {
			isa = XCBuildConfiguration;
			baseConfigurationReference = 1BEC519A565A77C37F36B2AD /* Pods-Picsum-PicsumUITests.debug.xcconfig */;
			buildSettings = {
				ALWAYS_EMBED_SWIFT_STANDARD_LIBRARIES = YES;
				CODE_SIGN_STYLE = Automatic;
				CURRENT_PROJECT_VERSION = 1;
				DEVELOPMENT_TEAM = 5YA4F6ZP59;
				GENERATE_INFOPLIST_FILE = YES;
				MARKETING_VERSION = 1.0;
				PRODUCT_BUNDLE_IDENTIFIER = kelany.PicsumUITests;
				PRODUCT_NAME = "$(TARGET_NAME)";
				SWIFT_EMIT_LOC_STRINGS = NO;
				SWIFT_VERSION = 5.0;
				TARGETED_DEVICE_FAMILY = "1,2";
				TEST_TARGET_NAME = Picsum;
			};
			name = Debug;
		};
		46D240E9277DF1B200EDDE1A /* Release */ = {
			isa = XCBuildConfiguration;
			baseConfigurationReference = 49D8F354F08AF3FA2DA5C0BE /* Pods-Picsum-PicsumUITests.release.xcconfig */;
			buildSettings = {
				ALWAYS_EMBED_SWIFT_STANDARD_LIBRARIES = YES;
				CODE_SIGN_STYLE = Automatic;
				CURRENT_PROJECT_VERSION = 1;
				DEVELOPMENT_TEAM = 5YA4F6ZP59;
				GENERATE_INFOPLIST_FILE = YES;
				MARKETING_VERSION = 1.0;
				PRODUCT_BUNDLE_IDENTIFIER = kelany.PicsumUITests;
				PRODUCT_NAME = "$(TARGET_NAME)";
				SWIFT_EMIT_LOC_STRINGS = NO;
				SWIFT_VERSION = 5.0;
				TARGETED_DEVICE_FAMILY = "1,2";
				TEST_TARGET_NAME = Picsum;
			};
			name = Release;
		};
/* End XCBuildConfiguration section */

/* Begin XCConfigurationList section */
		46D240B2277DF1B000EDDE1A /* Build configuration list for PBXProject "Picsum" */ = {
			isa = XCConfigurationList;
			buildConfigurations = (
				46D240DF277DF1B200EDDE1A /* Debug */,
				46D240E0277DF1B200EDDE1A /* Release */,
			);
			defaultConfigurationIsVisible = 0;
			defaultConfigurationName = Release;
		};
		46D240E1277DF1B200EDDE1A /* Build configuration list for PBXNativeTarget "Picsum" */ = {
			isa = XCConfigurationList;
			buildConfigurations = (
				46D240E2277DF1B200EDDE1A /* Debug */,
				46D240E3277DF1B200EDDE1A /* Release */,
			);
			defaultConfigurationIsVisible = 0;
			defaultConfigurationName = Release;
		};
		46D240E4277DF1B200EDDE1A /* Build configuration list for PBXNativeTarget "PicsumTests" */ = {
			isa = XCConfigurationList;
			buildConfigurations = (
				46D240E5277DF1B200EDDE1A /* Debug */,
				46D240E6277DF1B200EDDE1A /* Release */,
			);
			defaultConfigurationIsVisible = 0;
			defaultConfigurationName = Release;
		};
		46D240E7277DF1B200EDDE1A /* Build configuration list for PBXNativeTarget "PicsumUITests" */ = {
			isa = XCConfigurationList;
			buildConfigurations = (
				46D240E8277DF1B200EDDE1A /* Debug */,
				46D240E9277DF1B200EDDE1A /* Release */,
			);
			defaultConfigurationIsVisible = 0;
			defaultConfigurationName = Release;
		};
/* End XCConfigurationList section */
	};
	rootObject = 46D240AF277DF1B000EDDE1A /* Project object */;
}
